
Microsoft Visual Studio Solution File, Format Version 12.00
# Visual Studio 15
VisualStudioVersion = 15.0.28010.2026
MinimumVisualStudioVersion = 10.0.40219.1
Project("{888888A0-9F3D-457C-B088-3A5042F75D52}") = "singlebatchIris", "singlebatchIris\singlebatchIris.pyproj", "{D747AC40-849F-4569-92C0-2255803284E7}"
EndProject
Global
	GlobalSection(SolutionConfigurationPlatforms) = preSolution
		Debug|Any CPU = Debug|Any CPU
		Release|Any CPU = Release|Any CPU
	EndGlobalSection
	GlobalSection(ProjectConfigurationPlatforms) = postSolution
		{D747AC40-849F-4569-92C0-2255803284E7}.Debug|Any CPU.ActiveCfg = Debug|Any CPU
		{D747AC40-849F-4569-92C0-2255803284E7}.Release|Any CPU.ActiveCfg = Release|Any CPU
	EndGlobalSection
	GlobalSection(SolutionProperties) = preSolution
		HideSolutionNode = FALSE
	EndGlobalSection
	GlobalSection(ExtensibilityGlobals) = postSolution
		SolutionGuid = {AF8BB76A-612D-4D63-86FC-45A5A40D4780}
	EndGlobalSection
EndGlobal
